
Microsoft Visual Studio Solution File, Format Version 12.00
# Visual Studio Version 16
VisualStudioVersion = 16.0.30907.101
MinimumVisualStudioVersion = 10.0.40219.1
Project("{FAE04EC0-301F-11D3-BF4B-00C04F79EFBC}") = "BlinkReminder", "BlinkReminder\BlinkReminder.csproj", "{E80DADB3-3681-4EF9-A00B-017FEDEE7EED}"
EndProject
Project("{840C416C-B8F3-42BC-B0DD-F6BB14C9F8CB}") = "BRSetup", "BRSetup\BRSetup.aiproj", "{21376782-A476-4181-ACA6-E9B0A4C8C9AA}"
EndProject
Project("{FAE04EC0-301F-11D3-BF4B-00C04F79EFBC}") = "BRTest", "BRTest\BRTest.csproj", "{3A8DFA49-B783-4399-A577-6074D4EF8BDB}"
EndProject
Project("{9A19103F-16F7-4668-BE54-9A1E7A4F7556}") = "BRCore", "BRCore\BRCore.csproj", "{58EEE0BF-B91E-4628-8106-6D44C0147F02}"
EndProject
Project("{9A19103F-16F7-4668-BE54-9A1E7A4F7556}") = "BRWPF", "BRWPF\BRWPF.csproj", "{2D3D60E4-D730-4225-BD11-9B466C9FDCE8}"
EndProject
Global
	GlobalSection(SolutionConfigurationPlatforms) = preSolution
		All|Any CPU = All|Any CPU
		Debug|Any CPU = Debug|Any CPU
		Release|Any CPU = Release|Any CPU
	EndGlobalSection
	GlobalSection(ProjectConfigurationPlatforms) = postSolution
		{E80DADB3-3681-4EF9-A00B-017FEDEE7EED}.All|Any CPU.ActiveCfg = Release|Any CPU
		{E80DADB3-3681-4EF9-A00B-017FEDEE7EED}.All|Any CPU.Build.0 = Release|Any CPU
		{E80DADB3-3681-4EF9-A00B-017FEDEE7EED}.Debug|Any CPU.ActiveCfg = Debug|Any CPU
		{E80DADB3-3681-4EF9-A00B-017FEDEE7EED}.Debug|Any CPU.Build.0 = Debug|Any CPU
		{E80DADB3-3681-4EF9-A00B-017FEDEE7EED}.Release|Any CPU.ActiveCfg = Release|Any CPU
		{E80DADB3-3681-4EF9-A00B-017FEDEE7EED}.Release|Any CPU.Build.0 = Release|Any CPU
		{21376782-A476-4181-ACA6-E9B0A4C8C9AA}.All|Any CPU.ActiveCfg = DefaultBuild
		{21376782-A476-4181-ACA6-E9B0A4C8C9AA}.All|Any CPU.Build.0 = DefaultBuild
		{21376782-A476-4181-ACA6-E9B0A4C8C9AA}.Debug|Any CPU.ActiveCfg = DefaultBuild
		{21376782-A476-4181-ACA6-E9B0A4C8C9AA}.Debug|Any CPU.Build.0 = DefaultBuild
		{21376782-A476-4181-ACA6-E9B0A4C8C9AA}.Release|Any CPU.ActiveCfg = DefaultBuild
		{21376782-A476-4181-ACA6-E9B0A4C8C9AA}.Release|Any CPU.Build.0 = DefaultBuild
		{3A8DFA49-B783-4399-A577-6074D4EF8BDB}.All|Any CPU.ActiveCfg = Debug|Any CPU
		{3A8DFA49-B783-4399-A577-6074D4EF8BDB}.All|Any CPU.Build.0 = Debug|Any CPU
		{3A8DFA49-B783-4399-A577-6074D4EF8BDB}.Debug|Any CPU.ActiveCfg = Debug|Any CPU
		{3A8DFA49-B783-4399-A577-6074D4EF8BDB}.Debug|Any CPU.Build.0 = Debug|Any CPU
		{3A8DFA49-B783-4399-A577-6074D4EF8BDB}.Release|Any CPU.ActiveCfg = Release|Any CPU
		{3A8DFA49-B783-4399-A577-6074D4EF8BDB}.Release|Any CPU.Build.0 = Release|Any CPU
		{58EEE0BF-B91E-4628-8106-6D44C0147F02}.All|Any CPU.ActiveCfg = Debug|Any CPU
		{58EEE0BF-B91E-4628-8106-6D44C0147F02}.All|Any CPU.Build.0 = Debug|Any CPU
		{58EEE0BF-B91E-4628-8106-6D44C0147F02}.Debug|Any CPU.ActiveCfg = Debug|Any CPU
		{58EEE0BF-B91E-4628-8106-6D44C0147F02}.Debug|Any CPU.Build.0 = Debug|Any CPU
		{58EEE0BF-B91E-4628-8106-6D44C0147F02}.Release|Any CPU.ActiveCfg = Release|Any CPU
		{58EEE0BF-B91E-4628-8106-6D44C0147F02}.Release|Any CPU.Build.0 = Release|Any CPU
		{2D3D60E4-D730-4225-BD11-9B466C9FDCE8}.All|Any CPU.ActiveCfg = Debug|Any CPU
		{2D3D60E4-D730-4225-BD11-9B466C9FDCE8}.All|Any CPU.Build.0 = Debug|Any CPU
		{2D3D60E4-D730-4225-BD11-9B466C9FDCE8}.Debug|Any CPU.ActiveCfg = Debug|Any CPU
		{2D3D60E4-D730-4225-BD11-9B466C9FDCE8}.Debug|Any CPU.Build.0 = Debug|Any CPU
		{2D3D60E4-D730-4225-BD11-9B466C9FDCE8}.Release|Any CPU.ActiveCfg = Release|Any CPU
		{2D3D60E4-D730-4225-BD11-9B466C9FDCE8}.Release|Any CPU.Build.0 = Release|Any CPU
	EndGlobalSection
	GlobalSection(SolutionProperties) = preSolution
		HideSolutionNode = FALSE
	EndGlobalSection
	GlobalSection(ExtensibilityGlobals) = postSolution
		SolutionGuid = {A069432F-547F-473D-BEB5-37241739DBE4}
	EndGlobalSection
EndGlobal
